
Microsoft Visual Studio Solution File, Format Version 12.00
# Visual Studio Version 16
VisualStudioVersion = 16.0.31019.35
MinimumVisualStudioVersion = 10.0.40219.1
Project("{FAE04EC0-301F-11D3-BF4B-00C04F79EFBC}") = "GestPark", "GestPark.csproj", "{FF3ABDD9-C672-4EFC-B372-3F20EB84CF0A}"
EndProject
Global
	GlobalSection(SolutionConfigurationPlatforms) = preSolution
		Debug|Any CPU = Debug|Any CPU
		Release|Any CPU = Release|Any CPU
	EndGlobalSection
	GlobalSection(ProjectConfigurationPlatforms) = postSolution
		{FF3ABDD9-C672-4EFC-B372-3F20EB84CF0A}.Debug|Any CPU.ActiveCfg = Debug|Any CPU
		{FF3ABDD9-C672-4EFC-B372-3F20EB84CF0A}.Debug|Any CPU.Build.0 = Debug|Any CPU
		{FF3ABDD9-C672-4EFC-B372-3F20EB84CF0A}.Release|Any CPU.ActiveCfg = Release|Any CPU
		{FF3ABDD9-C672-4EFC-B372-3F20EB84CF0A}.Release|Any CPU.Build.0 = Release|Any CPU
	EndGlobalSection
	GlobalSection(SolutionProperties) = preSolution
		HideSolutionNode = FALSE
	EndGlobalSection
	GlobalSection(ExtensibilityGlobals) = postSolution
		SolutionGuid = {995B008D-8146-49F1-B9BD-5A222B487741}
	EndGlobalSection
EndGlobal
